
Microsoft Visual Studio Solution File, Format Version 12.00
# Visual Studio Version 16
VisualStudioVersion = 16.0.31702.278
MinimumVisualStudioVersion = 10.0.40219.1
Project("{FAE04EC0-301F-11D3-BF4B-00C04F79EFBC}") = "Cursos", "Cursos.csproj", "{CA89C9E0-083A-4C88-A00A-8F4FD9225788}"
EndProject
Global
	GlobalSection(SolutionConfigurationPlatforms) = preSolution
		Debug|Any CPU = Debug|Any CPU
		Release|Any CPU = Release|Any CPU
	EndGlobalSection
	GlobalSection(ProjectConfigurationPlatforms) = postSolution
		{CA89C9E0-083A-4C88-A00A-8F4FD9225788}.Debug|Any CPU.ActiveCfg = Debug|Any CPU
		{CA89C9E0-083A-4C88-A00A-8F4FD9225788}.Debug|Any CPU.Build.0 = Debug|Any CPU
		{CA89C9E0-083A-4C88-A00A-8F4FD9225788}.Release|Any CPU.ActiveCfg = Release|Any CPU
		{CA89C9E0-083A-4C88-A00A-8F4FD9225788}.Release|Any CPU.Build.0 = Release|Any CPU
	EndGlobalSection
	GlobalSection(SolutionProperties) = preSolution
		HideSolutionNode = FALSE
	EndGlobalSection
	GlobalSection(ExtensibilityGlobals) = postSolution
		SolutionGuid = {61FA150E-1FD3-41B9-BBD1-BA75DC5EF494}
	EndGlobalSection
EndGlobal
